
Microsoft Visual Studio Solution File, Format Version 12.00
# Visual Studio Version 17
VisualStudioVersion = 17.1.32421.90
MinimumVisualStudioVersion = 10.0.40219.1
Project("{FAE04EC0-301F-11D3-BF4B-00C04F79EFBC}") = "Overriding", "Overriding.csproj", "{32CB5157-2574-4335-ACF5-698B98671892}"
EndProject
Global
	GlobalSection(SolutionConfigurationPlatforms) = preSolution
		Debug|Any CPU = Debug|Any CPU
		Release|Any CPU = Release|Any CPU
	EndGlobalSection
	GlobalSection(ProjectConfigurationPlatforms) = postSolution
		{32CB5157-2574-4335-ACF5-698B98671892}.Debug|Any CPU.ActiveCfg = Debug|Any CPU
		{32CB5157-2574-4335-ACF5-698B98671892}.Debug|Any CPU.Build.0 = Debug|Any CPU
		{32CB5157-2574-4335-ACF5-698B98671892}.Release|Any CPU.ActiveCfg = Release|Any CPU
		{32CB5157-2574-4335-ACF5-698B98671892}.Release|Any CPU.Build.0 = Release|Any CPU
	EndGlobalSection
	GlobalSection(SolutionProperties) = preSolution
		HideSolutionNode = FALSE
	EndGlobalSection
	GlobalSection(ExtensibilityGlobals) = postSolution
		SolutionGuid = {8D438E76-02F0-4953-9982-BF0ED2375A1D}
	EndGlobalSection
EndGlobal
