
Microsoft Visual Studio Solution File, Format Version 12.00
# Visual Studio Version 17
VisualStudioVersion = 17.1.32421.90
MinimumVisualStudioVersion = 10.0.40219.1
Project("{FAE04EC0-301F-11D3-BF4B-00C04F79EFBC}") = "MultithreadandMultitask", "MultithreadandMultitask.csproj", "{867F7B74-BD7A-4D34-8BCD-FA5C72E1051A}"
EndProject
Global
	GlobalSection(SolutionConfigurationPlatforms) = preSolution
		Debug|Any CPU = Debug|Any CPU
		Release|Any CPU = Release|Any CPU
	EndGlobalSection
	GlobalSection(ProjectConfigurationPlatforms) = postSolution
		{867F7B74-BD7A-4D34-8BCD-FA5C72E1051A}.Debug|Any CPU.ActiveCfg = Debug|Any CPU
		{867F7B74-BD7A-4D34-8BCD-FA5C72E1051A}.Debug|Any CPU.Build.0 = Debug|Any CPU
		{867F7B74-BD7A-4D34-8BCD-FA5C72E1051A}.Release|Any CPU.ActiveCfg = Release|Any CPU
		{867F7B74-BD7A-4D34-8BCD-FA5C72E1051A}.Release|Any CPU.Build.0 = Release|Any CPU
	EndGlobalSection
	GlobalSection(SolutionProperties) = preSolution
		HideSolutionNode = FALSE
	EndGlobalSection
	GlobalSection(ExtensibilityGlobals) = postSolution
		SolutionGuid = {A79B77A4-DD8F-4682-99ED-FBC43A545AF9}
	EndGlobalSection
EndGlobal
