
Microsoft Visual Studio Solution File, Format Version 12.00
# Visual Studio Version 17
VisualStudioVersion = 17.3.32811.315
MinimumVisualStudioVersion = 10.0.40219.1
Project("{FAE04EC0-301F-11D3-BF4B-00C04F79EFBC}") = "StudentCRUD", "StudentCRUD.csproj", "{A7767DA7-FA9C-4770-B57E-7175A1ED7CA1}"
EndProject
Global
	GlobalSection(SolutionConfigurationPlatforms) = preSolution
		Debug|Any CPU = Debug|Any CPU
		Release|Any CPU = Release|Any CPU
	EndGlobalSection
	GlobalSection(ProjectConfigurationPlatforms) = postSolution
		{A7767DA7-FA9C-4770-B57E-7175A1ED7CA1}.Debug|Any CPU.ActiveCfg = Debug|Any CPU
		{A7767DA7-FA9C-4770-B57E-7175A1ED7CA1}.Debug|Any CPU.Build.0 = Debug|Any CPU
		{A7767DA7-FA9C-4770-B57E-7175A1ED7CA1}.Release|Any CPU.ActiveCfg = Release|Any CPU
		{A7767DA7-FA9C-4770-B57E-7175A1ED7CA1}.Release|Any CPU.Build.0 = Release|Any CPU
	EndGlobalSection
	GlobalSection(SolutionProperties) = preSolution
		HideSolutionNode = FALSE
	EndGlobalSection
	GlobalSection(ExtensibilityGlobals) = postSolution
		SolutionGuid = {367376C1-6390-4B99-B011-1EB501893EF9}
	EndGlobalSection
EndGlobal
